
Microsoft Visual Studio Solution File, Format Version 12.00
# Visual Studio Version 16
VisualStudioVersion = 16.0.29609.76
MinimumVisualStudioVersion = 10.0.40219.1
Project("{FAE04EC0-301F-11D3-BF4B-00C04F79EFBC}") = "ToursApp", "ToursApp\ToursApp.csproj", "{181ABDB5-D473-4BAF-AAC1-7BBC6BBBDC39}"
EndProject
Global
	GlobalSection(SolutionConfigurationPlatforms) = preSolution
		Debug|Any CPU = Debug|Any CPU
		Release|Any CPU = Release|Any CPU
	EndGlobalSection
	GlobalSection(ProjectConfigurationPlatforms) = postSolution
		{181ABDB5-D473-4BAF-AAC1-7BBC6BBBDC39}.Debug|Any CPU.ActiveCfg = Debug|Any CPU
		{181ABDB5-D473-4BAF-AAC1-7BBC6BBBDC39}.Debug|Any CPU.Build.0 = Debug|Any CPU
		{181ABDB5-D473-4BAF-AAC1-7BBC6BBBDC39}.Release|Any CPU.ActiveCfg = Release|Any CPU
		{181ABDB5-D473-4BAF-AAC1-7BBC6BBBDC39}.Release|Any CPU.Build.0 = Release|Any CPU
	EndGlobalSection
	GlobalSection(SolutionProperties) = preSolution
		HideSolutionNode = FALSE
	EndGlobalSection
	GlobalSection(ExtensibilityGlobals) = postSolution
		SolutionGuid = {48347770-CA4E-4D26-A132-BA44690D03F6}
	EndGlobalSection
EndGlobal
